<?xml version="1.0" encoding="utf-8"?>
<Project ToolsVersion="4.0" xmlns="http://schemas.microsoft.com/developer/msbuild/2003">
  <ItemGroup>
    <Filter Include="Source Files">
      <UniqueIdentifier>{4FC737F1-C7A5-4376-A066-2A32D752A2FF}</UniqueIdentifier>
      <Extensions>cpp;c;cc;cxx;c++;cppm;ixx;def;odl;idl;hpj;bat;asm;asmx</Extensions>
    </Filter>
    <Filter Include="Header Files">
      <UniqueIdentifier>{93995380-89BD-4b04-88EB-625FBE52EBFB}</UniqueIdentifier>
      <Extensions>h;hh;hpp;hxx;h++;hm;inl;inc;ipp;xsd</Extensions>
    </Filter>
    <Filter Include="Resource Files">
      <UniqueIdentifier>{67DA6AB6-F800-4c08-8B7A-83BB121AAD01}</UniqueIdentifier>
      <Extensions>rc;ico;cur;bmp;dlg;rc2;rct;bin;rgs;gif;jpg;jpeg;jpe;resx;tiff;tif;png;wav;mfcribbon-ms</Extensions>
    </Filter>
    <Filter Include="Source Files\Tests">
      <UniqueIdentifier>{c52109dd-1d06-43ca-9efe-21dbbbd2cc40}</UniqueIdentifier>
    </Filter>
    <Filter Include="Source Files\pbPlots">
      <UniqueIdentifier>{77caca9b-4284-41b2-bc76-13458d5800ea}</UniqueIdentifier>
    </Filter>
    <Filter Include="Header Files\pbPlots">
      <UniqueIdentifier>{10a30913-32c4-45be-b315-2c64b386eb15}</UniqueIdentifier>
    </Filter>
    <Filter Include="Resource Files\SpecificTests">
      <UniqueIdentifier>{a9d838af-bf48-40ed-b2e8-6fb2f9592315}</UniqueIdentifier>
    </Filter>
    <Filter Include="Resource Files\Qasidiffusion">
      <UniqueIdentifier>{862ac331-55da-4a70-a961-b274ac498143}</UniqueIdentifier>
    </Filter>
  </ItemGroup>
  <ItemGroup>
    <ClCompile Include="main.cpp">
      <Filter>Source Files</Filter>
    </ClCompile>
    <ClCompile Include="Progonka.cpp">
      <Filter>Source Files</Filter>
    </ClCompile>
    <ClCompile Include="PlaneCase.cpp">
      <Filter>Source Files</Filter>
    </ClCompile>
    <ClCompile Include="SphericalCase.cpp">
      <Filter>Source Files</Filter>
    </ClCompile>
    <ClCompile Include="OldDataGrid.cpp">
      <Filter>Source Files</Filter>
    </ClCompile>
    <ClCompile Include="FileIO.cpp">
      <Filter>Source Files</Filter>
    </ClCompile>
    <ClCompile Include="MyPlot.cpp">
      <Filter>Source Files</Filter>
    </ClCompile>
    <ClCompile Include="Coeff.cpp">
      <Filter>Source Files</Filter>
    </ClCompile>
    <ClCompile Include="Quadrature.cpp">
      <Filter>Source Files</Filter>
    </ClCompile>
    <ClCompile Include="EquationTest.cpp">
      <Filter>Source Files\Tests</Filter>
    </ClCompile>
    <ClCompile Include="DataTestPlane.cpp">
      <Filter>Source Files\Tests</Filter>
    </ClCompile>
    <ClCompile Include="DataTestSpherical.cpp">
      <Filter>Source Files\Tests</Filter>
    </ClCompile>
    <ClCompile Include="ExactTest.cpp">
      <Filter>Source Files\Tests</Filter>
    </ClCompile>
    <ClCompile Include="MultiplyingGridsTest.cpp">
      <Filter>Source Files\Tests</Filter>
    </ClCompile>
    <ClCompile Include="MultiplyingGridsTestSpherical.cpp">
      <Filter>Source Files\Tests</Filter>
    </ClCompile>
    <ClCompile Include="pbPlots.cpp">
      <Filter>Source Files\pbPlots</Filter>
    </ClCompile>
    <ClCompile Include="supportLib.cpp">
      <Filter>Source Files\pbPlots</Filter>
    </ClCompile>
    <ClCompile Include="QuadratureTest.cpp">
      <Filter>Source Files\Tests</Filter>
    </ClCompile>
    <ClCompile Include="Quasidiffusion.cpp">
      <Filter>Source Files</Filter>
    </ClCompile>
    <ClCompile Include="OldDataGridNodeSources.cpp">
      <Filter>Source Files</Filter>
    </ClCompile>
    <ClCompile Include="DataGrid.cpp">
      <Filter>Source Files</Filter>
    </ClCompile>
    <ClCompile Include="PhysicalGrid.cpp">
      <Filter>Source Files</Filter>
    </ClCompile>
  </ItemGroup>
  <ItemGroup>
    <ClInclude Include="Progonka.h">
      <Filter>Header Files</Filter>
    </ClInclude>
    <ClInclude Include="PlaneCase.h">
      <Filter>Header Files</Filter>
    </ClInclude>
    <ClInclude Include="SphericalCase.h">
      <Filter>Header Files</Filter>
    </ClInclude>
    <ClInclude Include="FileIO.h">
      <Filter>Header Files</Filter>
    </ClInclude>
    <ClInclude Include="Tests.h">
      <Filter>Header Files</Filter>
    </ClInclude>
    <ClInclude Include="OldDataGrid.h">
      <Filter>Header Files</Filter>
    </ClInclude>
    <ClInclude Include="MyPlot.h">
      <Filter>Header Files</Filter>
    </ClInclude>
    <ClInclude Include="Coeff.h">
      <Filter>Header Files</Filter>
    </ClInclude>
    <ClInclude Include="Quadrature.h">
      <Filter>Header Files</Filter>
    </ClInclude>
    <ClInclude Include="supportLib.hpp">
      <Filter>Header Files\pbPlots</Filter>
    </ClInclude>
    <ClInclude Include="pbPlots.hpp">
      <Filter>Header Files\pbPlots</Filter>
    </ClInclude>
    <ClInclude Include="Quasidiffusion.h">
      <Filter>Header Files</Filter>
    </ClInclude>
    <ClInclude Include="DataGrid.h">
      <Filter>Header Files</Filter>
    </ClInclude>
    <ClInclude Include="PhysicalGrid.h">
      <Filter>Header Files</Filter>
    </ClInclude>
  </ItemGroup>
  <ItemGroup>
    <Text Include="DataTestPlane_input.txt">
      <Filter>Resource Files</Filter>
    </Text>
    <Text Include="DataTestPlane_output.txt">
      <Filter>Resource Files</Filter>
    </Text>
    <Text Include="DataTestSpherical_output.txt">
      <Filter>Resource Files</Filter>
    </Text>
    <Text Include="DataTestSpherical_input.txt">
      <Filter>Resource Files</Filter>
    </Text>
    <Text Include="MultiplyingGridsTest_input.txt">
      <Filter>Resource Files</Filter>
    </Text>
    <Text Include="MultiplyingGridsTest_output.txt">
      <Filter>Resource Files</Filter>
    </Text>
    <Text Include="MultiplyingGridsTestSpherical_input.txt">
      <Filter>Resource Files</Filter>
    </Text>
    <Text Include="MultiplyingGridsTestSpherical_output.txt">
      <Filter>Resource Files</Filter>
    </Text>
    <Text Include="Quadrature_Gauss–Legendre.txt">
      <Filter>Resource Files</Filter>
    </Text>
    <Text Include="EquationTest_input.txt">
      <Filter>Resource Files\SpecificTests</Filter>
    </Text>
    <Text Include="EquationTest_output.txt">
      <Filter>Resource Files\SpecificTests</Filter>
    </Text>
    <Text Include="ExactTest_WolframLines.txt">
      <Filter>Resource Files\SpecificTests</Filter>
    </Text>
    <Text Include="QuasidiffusionDataGrid.txt">
      <Filter>Resource Files\Qasidiffusion</Filter>
    </Text>
    <Text Include="EvenOddDataGrid.txt">
      <Filter>Resource Files\Qasidiffusion</Filter>
    </Text>
    <Text Include="Quasidiffusion_output.txt">
      <Filter>Resource Files\Qasidiffusion</Filter>
    </Text>
    <Text Include="EvenOddDataGrid_1.txt">
      <Filter>Resource Files\Qasidiffusion</Filter>
    </Text>
    <Text Include="EvenOddDataGrid_2.txt">
      <Filter>Resource Files\Qasidiffusion</Filter>
    </Text>
    <Text Include="EvenOddDataGrid_3.txt">
      <Filter>Resource Files\Qasidiffusion</Filter>
    </Text>
    <Text Include="QuasidiffusionDataGrid_1.txt">
      <Filter>Resource Files\Qasidiffusion</Filter>
    </Text>
    <Text Include="QuasidiffusionDataGrid_2.txt">
      <Filter>Resource Files\Qasidiffusion</Filter>
    </Text>
    <Text Include="QuasidiffusionDataGrid_3.txt">
      <Filter>Resource Files\Qasidiffusion</Filter>
    </Text>
  </ItemGroup>
  <ItemGroup>
    <Image Include="plot.png">
      <Filter>Resource Files</Filter>
    </Image>
  </ItemGroup>
</Project>